# This file is automatically @generated by Cargo.
# It is not intended for manual editing.
version = 4

[[package]]
name = "dms"
version = "0.1.0"

[[package]]
name = "island-test"
version = "0.1.0"

[[package]]
name = "report"
version = "0.1.0"
dependencies = [
 "dms",
 "scl",
 "sms",
 "tms-b64",
 "tms-esc",
 "tms-hex",
]

[[package]]
name = "scl"
version = "0.1.0"

[[package]]
name = "sms"
version = "0.1.0"

[[package]]
name = "tms-b64"
version = "0.1.0"

[[package]]
name = "tms-esc"
version = "0.1.0"

[[package]]
name = "tms-hex"
version = "0.1.0"
